
Microsoft Visual Studio Solution File, Format Version 12.00
# Visual Studio Version 17
VisualStudioVersion = 17.0.31912.275
MinimumVisualStudioVersion = 10.0.40219.1
Project("{9A19103F-16F7-4668-BE54-9A1E7A4F7556}") = "TestApp", "src\TestApp\TestApp.csproj", "{B4C7A887-03DE-41DF-8CCF-0268E3DC6318}"
EndProject
Project("{2150E333-8FDC-42A3-9474-1A3956D46DE8}") = "Solution Items", "Solution Items", "{10716F34-E09B-4FAF-A092-2C614813ED99}"
	ProjectSection(SolutionItems) = preProject
		README.md = README.md
	EndProjectSection
EndProject
Project("{2150E333-8FDC-42A3-9474-1A3956D46DE8}") = "workflow", "workflow", "{91584BE9-3BBF-4CB3-BAC2-9CA023D0AA72}"
	ProjectSection(SolutionItems) = preProject
		.github\workflows\ci-test.yml = .github\workflows\ci-test.yml
		.github\workflows\release-api-client.yml = .github\workflows\release-api-client.yml
	EndProjectSection
EndProject
Project("{9A19103F-16F7-4668-BE54-9A1E7A4F7556}") = "MyJetWallet.Fireblocks.Client", "src\MyJetWallet.Fireblocks.Client\MyJetWallet.Fireblocks.Client.csproj", "{AA63989E-E0DE-4300-80DC-6EECB8CD9392}"
EndProject
Project("{FAE04EC0-301F-11D3-BF4B-00C04F79EFBC}") = "MyJetWallet.Fireblocks.Client.Tests", "Test\MyJetWallet.Fireblocks.Client.Tests\MyJetWallet.Fireblocks.Client.Tests\MyJetWallet.Fireblocks.Client.Tests.csproj", "{E2727EE7-521B-428F-8706-3A53755E1FEC}"
EndProject
Project("{FAE04EC0-301F-11D3-BF4B-00C04F79EFBC}") = "TestApp2", "Test\MyJetWallet.Fireblocks.Client.Tests\TestApp2\TestApp2.csproj", "{3D2B3B73-C0C5-4E55-98DC-15C25000297F}"
EndProject
Project("{FAE04EC0-301F-11D3-BF4B-00C04F79EFBC}") = "TestAllowTransaction", "Test\TestAllowTransaction\TestAllowTransaction.csproj", "{36D735C1-2A4F-4DE2-BF14-3F516A1109F3}"
EndProject
Global
	GlobalSection(SolutionConfigurationPlatforms) = preSolution
		Debug|Any CPU = Debug|Any CPU
		Release|Any CPU = Release|Any CPU
	EndGlobalSection
	GlobalSection(ProjectConfigurationPlatforms) = postSolution
		{B4C7A887-03DE-41DF-8CCF-0268E3DC6318}.Debug|Any CPU.ActiveCfg = Debug|Any CPU
		{B4C7A887-03DE-41DF-8CCF-0268E3DC6318}.Debug|Any CPU.Build.0 = Debug|Any CPU
		{B4C7A887-03DE-41DF-8CCF-0268E3DC6318}.Release|Any CPU.ActiveCfg = Release|Any CPU
		{B4C7A887-03DE-41DF-8CCF-0268E3DC6318}.Release|Any CPU.Build.0 = Release|Any CPU
		{AA63989E-E0DE-4300-80DC-6EECB8CD9392}.Debug|Any CPU.ActiveCfg = Debug|Any CPU
		{AA63989E-E0DE-4300-80DC-6EECB8CD9392}.Debug|Any CPU.Build.0 = Debug|Any CPU
		{AA63989E-E0DE-4300-80DC-6EECB8CD9392}.Release|Any CPU.ActiveCfg = Release|Any CPU
		{AA63989E-E0DE-4300-80DC-6EECB8CD9392}.Release|Any CPU.Build.0 = Release|Any CPU
		{E2727EE7-521B-428F-8706-3A53755E1FEC}.Debug|Any CPU.ActiveCfg = Debug|Any CPU
		{E2727EE7-521B-428F-8706-3A53755E1FEC}.Debug|Any CPU.Build.0 = Debug|Any CPU
		{E2727EE7-521B-428F-8706-3A53755E1FEC}.Release|Any CPU.ActiveCfg = Release|Any CPU
		{E2727EE7-521B-428F-8706-3A53755E1FEC}.Release|Any CPU.Build.0 = Release|Any CPU
		{3D2B3B73-C0C5-4E55-98DC-15C25000297F}.Debug|Any CPU.ActiveCfg = Debug|Any CPU
		{3D2B3B73-C0C5-4E55-98DC-15C25000297F}.Debug|Any CPU.Build.0 = Debug|Any CPU
		{3D2B3B73-C0C5-4E55-98DC-15C25000297F}.Release|Any CPU.ActiveCfg = Release|Any CPU
		{3D2B3B73-C0C5-4E55-98DC-15C25000297F}.Release|Any CPU.Build.0 = Release|Any CPU
		{36D735C1-2A4F-4DE2-BF14-3F516A1109F3}.Debug|Any CPU.ActiveCfg = Debug|Any CPU
		{36D735C1-2A4F-4DE2-BF14-3F516A1109F3}.Debug|Any CPU.Build.0 = Debug|Any CPU
		{36D735C1-2A4F-4DE2-BF14-3F516A1109F3}.Release|Any CPU.ActiveCfg = Release|Any CPU
		{36D735C1-2A4F-4DE2-BF14-3F516A1109F3}.Release|Any CPU.Build.0 = Release|Any CPU
	EndGlobalSection
	GlobalSection(SolutionProperties) = preSolution
		HideSolutionNode = FALSE
	EndGlobalSection
	GlobalSection(NestedProjects) = preSolution
		{91584BE9-3BBF-4CB3-BAC2-9CA023D0AA72} = {10716F34-E09B-4FAF-A092-2C614813ED99}
	EndGlobalSection
	GlobalSection(ExtensibilityGlobals) = postSolution
		SolutionGuid = {2F7EF000-0D41-43B4-8F42-2327056E8820}
	EndGlobalSection
EndGlobal
